
Microsoft Visual Studio Solution File, Format Version 12.00
# Visual Studio Version 17
VisualStudioVersion = 17.12.35527.113
MinimumVisualStudioVersion = 10.0.40219.1
Project("{FAE04EC0-301F-11D3-BF4B-00C04F79EFBC}") = "MvcStartApp", "MvcStartApp\MvcStartApp.csproj", "{91C3F85B-AF49-40DB-886C-F1BEB1198E16}"
EndProject
Project("{2150E333-8FDC-42A3-9474-1A3956D46DE8}") = "Notes", "Notes", "{E42B2CDF-2399-4939-AF37-CDBC510CA7C3}"
	ProjectSection(SolutionItems) = preProject
		Ajax.txt = Ajax.txt
		ASP.NET Core.txt = ASP.NET Core.txt
		ErrorHandling.txt = ErrorHandling.txt
		Middleware.txt = Middleware.txt
		MVC.txt = MVC.txt
		StaticFiles.txt = StaticFiles.txt
	EndProjectSection
EndProject
Project("{FAE04EC0-301F-11D3-BF4B-00C04F79EFBC}") = "CoreVSApp", "CoreVSApp\CoreVSApp.csproj", "{C533AC85-95FF-4FC6-B08A-CBFEF2EBDC16}"
EndProject
Project("{FAE04EC0-301F-11D3-BF4B-00C04F79EFBC}") = "CoreVSAppNet5", "CoreVSAppNet5\CoreVSAppNet5.csproj", "{1FE4A99D-5337-48DC-BF6A-6EF67E7D7DC6}"
EndProject
Project("{FAE04EC0-301F-11D3-BF4B-00C04F79EFBC}") = "MvcStartAppNet5", "MvcStartAppNet5\MvcStartAppNet5.csproj", "{FAF951AC-2311-4FC9-9026-B890C9AE7533}"
EndProject
Global
	GlobalSection(SolutionConfigurationPlatforms) = preSolution
		Debug|Any CPU = Debug|Any CPU
		Release|Any CPU = Release|Any CPU
	EndGlobalSection
	GlobalSection(ProjectConfigurationPlatforms) = postSolution
		{91C3F85B-AF49-40DB-886C-F1BEB1198E16}.Debug|Any CPU.ActiveCfg = Debug|Any CPU
		{91C3F85B-AF49-40DB-886C-F1BEB1198E16}.Debug|Any CPU.Build.0 = Debug|Any CPU
		{91C3F85B-AF49-40DB-886C-F1BEB1198E16}.Release|Any CPU.ActiveCfg = Release|Any CPU
		{91C3F85B-AF49-40DB-886C-F1BEB1198E16}.Release|Any CPU.Build.0 = Release|Any CPU
		{C533AC85-95FF-4FC6-B08A-CBFEF2EBDC16}.Debug|Any CPU.ActiveCfg = Debug|Any CPU
		{C533AC85-95FF-4FC6-B08A-CBFEF2EBDC16}.Debug|Any CPU.Build.0 = Debug|Any CPU
		{C533AC85-95FF-4FC6-B08A-CBFEF2EBDC16}.Release|Any CPU.ActiveCfg = Release|Any CPU
		{C533AC85-95FF-4FC6-B08A-CBFEF2EBDC16}.Release|Any CPU.Build.0 = Release|Any CPU
		{1FE4A99D-5337-48DC-BF6A-6EF67E7D7DC6}.Debug|Any CPU.ActiveCfg = Debug|Any CPU
		{1FE4A99D-5337-48DC-BF6A-6EF67E7D7DC6}.Debug|Any CPU.Build.0 = Debug|Any CPU
		{1FE4A99D-5337-48DC-BF6A-6EF67E7D7DC6}.Release|Any CPU.ActiveCfg = Release|Any CPU
		{1FE4A99D-5337-48DC-BF6A-6EF67E7D7DC6}.Release|Any CPU.Build.0 = Release|Any CPU
		{FAF951AC-2311-4FC9-9026-B890C9AE7533}.Debug|Any CPU.ActiveCfg = Debug|Any CPU
		{FAF951AC-2311-4FC9-9026-B890C9AE7533}.Debug|Any CPU.Build.0 = Debug|Any CPU
		{FAF951AC-2311-4FC9-9026-B890C9AE7533}.Release|Any CPU.ActiveCfg = Release|Any CPU
		{FAF951AC-2311-4FC9-9026-B890C9AE7533}.Release|Any CPU.Build.0 = Release|Any CPU
	EndGlobalSection
	GlobalSection(SolutionProperties) = preSolution
		HideSolutionNode = FALSE
	EndGlobalSection
EndGlobal
